{
  "version": 4,
  "terraform_version": "1.0.9",
  "serial": 355,
  "lineage": "59fdacf2-1546-098a-406a-94ed5e3a71f2",
  "outputs": {},
  "resources": [
    {
      "mode": "data",
      "type": "digitalocean_domain",
      "name": "web",
      "provider": "provider[\"registry.terraform.io/digitalocean/digitalocean\"]",
      "instances": [
        {
          "schema_version": 0,
          "attributes": {
            "id": "clustercat.com",
            "name": "clustercat.com",
            "ttl": 1800,
            "urn": "do:domain:clustercat.com",
            "zone_file": "$ORIGIN clustercat.com.\n$TTL 1800\nclustercat.com. IN SOA ns1.digitalocean.com. hostmaster.clustercat.com. 1634726120 10800 3600 604800 1800\nclustercat.com. 1800 IN NS ns1.digitalocean.com.\nclustercat.com. 1800 IN NS ns2.digitalocean.com.\nclustercat.com. 1800 IN NS ns3.digitalocean.com.\n*.k8stest.clustercat.com. 3600 IN A 137.184.134.152\n*.k3stest.clustercat.com. 3600 IN A 137.184.156.115\n*.mk8s.clustercat.com. 3600 IN A 147.182.170.234\n"
          },
          "sensitive_attributes": []
        }
      ]
    },
    {
      "mode": "data",
      "type": "digitalocean_ssh_key",
      "name": "alex",
      "provider": "provider[\"registry.terraform.io/digitalocean/digitalocean\"]",
      "instances": [
        {
          "schema_version": 0,
          "attributes": {
            "fingerprint": "38:e7:1b:a4:00:23:2f:45:4f:80:b7:ae:64:28:f2:6c",
            "id": 31752109,
            "name": "alex",
            "public_key": "ssh-rsa AAAAB3NzaC1yc2EAAAADAQABAAABgQCjSuBe69wlaryL1l9RvjWTxv5YQ9hmJnoJMZpPTdNz1ahf6Nc1r/LFGbTElLS74yYgINI2kyocbmz7/L9FEsoeZguI+XwtTAMZKkYvDgohAJl9l0pzW9B3P9QpVjz2INFyAaBfS6QcMlXuw2g3Nm/L1noGZ2xOpw2fKpFQTJDrFNWj6wkxfp9UsjNUxLocj5X2fLm9aEfvBstGiwTXFBlg3poIudsMj8rW6Kpz76jKxBndBzd4+TSTO1M2Cp1ZgC9b0+z5bho4an2BWdUf5Lw27khpCndwzil8w95suIYgnVVQVhmHrD5fi/6WZAjaGKNzjTt+17MDs0pnF+p2Es2QdZXLWChIyP0m8F2yrJw/xbBChXSWOY4954c292NWoAEjahS8QkzPwSGa1ocFgCQV4BZRosrF6d3euc9i6HnKQQIHhz45h1AA3QvGR+yWrQBQ/bWPZXjwjke320axmAPDq6XQaGJciyJxoYaxhT72jlpGdv3bRLfzw7u2Fksglz0= alex@lappy"
          },
          "sensitive_attributes": []
        }
      ]
    },
    {
      "mode": "data",
      "type": "digitalocean_ssh_key",
      "name": "dillon",
      "provider": "provider[\"registry.terraform.io/digitalocean/digitalocean\"]",
      "instances": [
        {
          "schema_version": 0,
          "attributes": {
            "fingerprint": "59:91:ba:32:be:7b:43:8d:0e:e0:68:af:43:12:39:15",
            "id": 31752426,
            "name": "dillon",
            "public_key": "ssh-ed25519 AAAAC3NzaC1lZDI1NTE5AAAAIOopw5PDRi7EJ0vM2wIhC+V+giFQinFTnvBs8mfEMQPi dsc@pop-os"
          },
          "sensitive_attributes": []
        }
      ]
    },
    {
      "mode": "data",
      "type": "digitalocean_ssh_key",
      "name": "matt",
      "provider": "provider[\"registry.terraform.io/digitalocean/digitalocean\"]",
      "instances": [
        {
          "schema_version": 0,
          "attributes": {
            "fingerprint": "4c:14:4f:5b:b3:71:c0:ef:88:d5:69:a0:6b:ec:0d:0a",
            "id": 31705326,
            "name": "netmaker",
            "public_key": "ssh-rsa AAAAB3NzaC1yc2EAAAADAQABAAABgQC3oUADnbjHh68JUE/PLWI3EtXuDP6JMnl3KTzScEQ0cgxPx0Lj9Xjc4neFWhqtofBZj2yxbEStKWESrFL7DBRocdpRYpcfNxrQqs1Slx89QCFr5JKYdZL9GPDaEOde1GrLgMAAj+7gadApGM3xkSIoYcm5QlU57vRCfD/jg6U/9rDXHC850bKIreKdfZhc7drgzIHGtwmj0G2OtNrHd1YTyOtdFt//nK+zkeeDhYMvGLx1t3wFy6KJseMLLeK0ijYS4t+LMCDuKNHCUrhDqv/q8fNCnkzgo7aS0n1kHJs64uQ3IBmWAnSqUtZJwJ0rBuIQwV3Qt44tGaMIrEgh2fikJ5ayoqhA8YxedRWNi8LegCcm8EPkbJqYflpNo1vo3/hGQzWXy7lXCNb+v6ENDvkQR/nAv1DknMLF1oTPjJOjWQt9TsxZYcR5jGvUIZ/J4ZjdYph+qweP1m/GgM9tRTwTgqkwb7ijyldM1X14Nhmy7dtpATcnpVW/ItW2rCdYTb0= mkasun@winterfell"
          },
          "sensitive_attributes": []
        }
      ]
    },
    {
      "mode": "managed",
      "type": "digitalocean_droplet",
      "name": "client",
      "provider": "provider[\"registry.terraform.io/digitalocean/digitalocean\"]",
      "instances": [
        {
          "schema_version": 1,
          "attributes": {
            "backups": false,
            "created_at": "2021-10-20T22:49:22Z",
            "disk": 25,
            "droplet_agent": null,
            "graceful_shutdown": false,
            "id": "270160831",
            "image": "ubuntu-21-04-x64",
            "ipv4_address": "142.93.157.64",
            "ipv4_address_private": "10.118.0.2",
            "ipv6": false,
            "ipv6_address": "",
            "locked": false,
            "memory": 1024,
            "monitoring": false,
            "name": "client",
            "price_hourly": 0.00744,
            "price_monthly": 5,
            "private_networking": true,
            "region": "tor1",
            "resize_disk": true,
            "size": "s-1vcpu-1gb",
            "ssh_keys": [
              "31705326",
              "31752109",
              "31752426"
            ],
            "status": "active",
            "tags": [
              "netmaker",
              "netmaker-client"
            ],
            "urn": "do:droplet:270160831",
            "user_data": "3826841b4f0b7311f0f38841d6405ec302f47ce7",
            "vcpus": 1,
            "volume_ids": [],
            "vpc_uuid": "24999d80-8260-4b0b-87db-92085ccd7de7"
          },
          "sensitive_attributes": [],
          "private": "eyJzY2hlbWFfdmVyc2lvbiI6IjEifQ==",
          "dependencies": [
            "data.digitalocean_ssh_key.alex",
            "data.digitalocean_ssh_key.dillon",
            "data.digitalocean_ssh_key.matt"
          ]
        }
      ]
    },
    {
      "mode": "managed",
      "type": "digitalocean_droplet",
      "name": "server",
      "provider": "provider[\"registry.terraform.io/digitalocean/digitalocean\"]",
      "instances": [
        {
          "schema_version": 1,
          "attributes": {
            "backups": false,
            "created_at": "2021-10-20T22:49:22Z",
            "disk": 25,
            "droplet_agent": null,
            "graceful_shutdown": false,
            "id": "270160833",
            "image": "93527357",
            "ipv4_address": "134.122.44.227",
            "ipv4_address_private": "10.118.0.3",
            "ipv6": false,
            "ipv6_address": "",
            "locked": false,
            "memory": 1024,
            "monitoring": false,
            "name": "server",
            "price_hourly": 0.00744,
            "price_monthly": 5,
            "private_networking": true,
            "region": "tor1",
            "resize_disk": true,
            "size": "s-1vcpu-1gb",
            "ssh_keys": [
              "31705326",
              "31752109",
              "31752426"
            ],
            "status": "active",
            "tags": [
              "netmaker",
              "server"
            ],
            "urn": "do:droplet:270160833",
            "user_data": "a8f4bf4c589d8a977ea36985f274d7c339ad430d",
            "vcpus": 1,
            "volume_ids": [],
            "vpc_uuid": "24999d80-8260-4b0b-87db-92085ccd7de7"
          },
          "sensitive_attributes": [],
          "private": "eyJzY2hlbWFfdmVyc2lvbiI6IjEifQ==",
          "dependencies": [
            "data.digitalocean_ssh_key.alex",
            "data.digitalocean_ssh_key.dillon",
            "data.digitalocean_ssh_key.matt"
          ]
        }
      ]
    },
    {
      "mode": "managed",
      "type": "digitalocean_record",
      "name": "api",
      "provider": "provider[\"registry.terraform.io/digitalocean/digitalocean\"]",
      "instances": [
        {
          "schema_version": 0,
          "attributes": {
            "domain": "clustercat.com",
            "flags": 0,
            "fqdn": "api.clustercat.com",
            "id": "272328899",
            "name": "api",
            "port": 0,
            "priority": 0,
            "tag": "",
            "ttl": 300,
            "type": "A",
            "value": "134.122.44.227",
            "weight": 0
          },
          "sensitive_attributes": [],
          "private": "bnVsbA==",
          "dependencies": [
            "data.digitalocean_ssh_key.alex",
            "data.digitalocean_ssh_key.dillon",
            "data.digitalocean_ssh_key.matt",
            "digitalocean_droplet.server"
          ]
        }
      ]
    },
    {
      "mode": "managed",
      "type": "digitalocean_record",
      "name": "client",
      "provider": "provider[\"registry.terraform.io/digitalocean/digitalocean\"]",
      "instances": [
        {
          "schema_version": 0,
          "attributes": {
            "domain": "clustercat.com",
            "flags": 0,
            "fqdn": "client.clustercat.com",
            "id": "272328800",
            "name": "client",
            "port": 0,
            "priority": 0,
            "tag": "",
            "ttl": 300,
            "type": "A",
            "value": "142.93.157.64",
            "weight": 0
          },
          "sensitive_attributes": [],
          "private": "bnVsbA==",
          "dependencies": [
            "data.digitalocean_ssh_key.alex",
            "data.digitalocean_ssh_key.dillon",
            "data.digitalocean_ssh_key.matt",
            "digitalocean_droplet.client"
          ]
        }
      ]
    },
    {
      "mode": "managed",
      "type": "digitalocean_record",
      "name": "dashboard",
      "provider": "provider[\"registry.terraform.io/digitalocean/digitalocean\"]",
      "instances": [
        {
          "schema_version": 0,
          "attributes": {
            "domain": "clustercat.com",
            "flags": 0,
            "fqdn": "dashboard.clustercat.com",
            "id": "272328897",
            "name": "dashboard",
            "port": 0,
            "priority": 0,
            "tag": "",
            "ttl": 300,
            "type": "A",
            "value": "134.122.44.227",
            "weight": 0
          },
          "sensitive_attributes": [],
          "private": "bnVsbA==",
          "dependencies": [
            "data.digitalocean_ssh_key.alex",
            "data.digitalocean_ssh_key.dillon",
            "data.digitalocean_ssh_key.matt",
            "digitalocean_droplet.server"
          ]
        }
      ]
    },
    {
      "mode": "managed",
      "type": "digitalocean_record",
      "name": "grpc",
      "provider": "provider[\"registry.terraform.io/digitalocean/digitalocean\"]",
      "instances": [
        {
          "schema_version": 0,
          "attributes": {
            "domain": "clustercat.com",
            "flags": 0,
            "fqdn": "grpc.clustercat.com",
            "id": "272328896",
            "name": "grpc",
            "port": 0,
            "priority": 0,
            "tag": "",
            "ttl": 300,
            "type": "A",
            "value": "134.122.44.227",
            "weight": 0
          },
          "sensitive_attributes": [],
          "private": "bnVsbA==",
          "dependencies": [
            "data.digitalocean_ssh_key.alex",
            "data.digitalocean_ssh_key.dillon",
            "data.digitalocean_ssh_key.matt",
            "digitalocean_droplet.server"
          ]
        }
      ]
    },
    {
      "mode": "managed",
      "type": "digitalocean_record",
      "name": "server",
      "provider": "provider[\"registry.terraform.io/digitalocean/digitalocean\"]",
      "instances": [
        {
          "schema_version": 0,
          "attributes": {
            "domain": "clustercat.com",
            "flags": 0,
            "fqdn": "server.clustercat.com",
            "id": "272328898",
            "name": "server",
            "port": 0,
            "priority": 0,
            "tag": "",
            "ttl": 300,
            "type": "A",
            "value": "134.122.44.227",
            "weight": 0
          },
          "sensitive_attributes": [],
          "private": "bnVsbA==",
          "dependencies": [
            "data.digitalocean_ssh_key.alex",
            "data.digitalocean_ssh_key.dillon",
            "data.digitalocean_ssh_key.matt",
            "digitalocean_droplet.server"
          ]
        }
      ]
    }
  ]
}
